
Microsoft Visual Studio Solution File, Format Version 12.00
Project("{FAE04EC0-301F-11D3-BF4B-00C04F79EFBC}") = "SoundMastery.Api", "SoundMastery.Api\SoundMastery.Api.csproj", "{0C44626F-96CF-4597-9C11-B4D4A191C503}"
EndProject
Project("{FAE04EC0-301F-11D3-BF4B-00C04F79EFBC}") = "SoundMastery.Application", "SoundMastery.Application\SoundMastery.Application.csproj", "{4479AEFC-C3E2-4B43-91D1-96DD9D762BED}"
EndProject
Project("{FAE04EC0-301F-11D3-BF4B-00C04F79EFBC}") = "SoundMastery.Domain", "SoundMastery.Domain\SoundMastery.Domain.csproj", "{6EEE8A64-F735-4651-A1B9-874A6462D888}"
EndProject
Project("{FAE04EC0-301F-11D3-BF4B-00C04F79EFBC}") = "SoundMastery.DataAccess", "SoundMastery.DataAccess\SoundMastery.DataAccess.csproj", "{2AF54C25-A100-4271-8D6D-3E35ED85EA73}"
EndProject
Project("{FAE04EC0-301F-11D3-BF4B-00C04F79EFBC}") = "SoundMastery.Migration", "SoundMastery.Migration\SoundMastery.Migration.csproj", "{3B6BD551-E949-4129-956A-8DDFC71C2EF1}"
EndProject
Project("{9A19103F-16F7-4668-BE54-9A1E7A4F7556}") = "_build", "..\..\build\_build.csproj", "{82FA2B79-E3BF-42F0-85EE-9DE7CE81EC8F}"
EndProject
Global
	GlobalSection(SolutionConfigurationPlatforms) = preSolution
		Debug|Any CPU = Debug|Any CPU
		Release|Any CPU = Release|Any CPU
	EndGlobalSection
	GlobalSection(ProjectConfigurationPlatforms) = postSolution
		{82FA2B79-E3BF-42F0-85EE-9DE7CE81EC8F}.Debug|Any CPU.ActiveCfg = Debug|Any CPU
		{82FA2B79-E3BF-42F0-85EE-9DE7CE81EC8F}.Release|Any CPU.ActiveCfg = Release|Any CPU
		{0C44626F-96CF-4597-9C11-B4D4A191C503}.Debug|Any CPU.ActiveCfg = Debug|Any CPU
		{0C44626F-96CF-4597-9C11-B4D4A191C503}.Debug|Any CPU.Build.0 = Debug|Any CPU
		{0C44626F-96CF-4597-9C11-B4D4A191C503}.Release|Any CPU.ActiveCfg = Release|Any CPU
		{0C44626F-96CF-4597-9C11-B4D4A191C503}.Release|Any CPU.Build.0 = Release|Any CPU
		{4479AEFC-C3E2-4B43-91D1-96DD9D762BED}.Debug|Any CPU.ActiveCfg = Debug|Any CPU
		{4479AEFC-C3E2-4B43-91D1-96DD9D762BED}.Debug|Any CPU.Build.0 = Debug|Any CPU
		{4479AEFC-C3E2-4B43-91D1-96DD9D762BED}.Release|Any CPU.ActiveCfg = Release|Any CPU
		{4479AEFC-C3E2-4B43-91D1-96DD9D762BED}.Release|Any CPU.Build.0 = Release|Any CPU
		{6EEE8A64-F735-4651-A1B9-874A6462D888}.Debug|Any CPU.ActiveCfg = Debug|Any CPU
		{6EEE8A64-F735-4651-A1B9-874A6462D888}.Debug|Any CPU.Build.0 = Debug|Any CPU
		{6EEE8A64-F735-4651-A1B9-874A6462D888}.Release|Any CPU.ActiveCfg = Release|Any CPU
		{6EEE8A64-F735-4651-A1B9-874A6462D888}.Release|Any CPU.Build.0 = Release|Any CPU
		{2AF54C25-A100-4271-8D6D-3E35ED85EA73}.Debug|Any CPU.ActiveCfg = Debug|Any CPU
		{2AF54C25-A100-4271-8D6D-3E35ED85EA73}.Debug|Any CPU.Build.0 = Debug|Any CPU
		{2AF54C25-A100-4271-8D6D-3E35ED85EA73}.Release|Any CPU.ActiveCfg = Release|Any CPU
		{2AF54C25-A100-4271-8D6D-3E35ED85EA73}.Release|Any CPU.Build.0 = Release|Any CPU
		{3B6BD551-E949-4129-956A-8DDFC71C2EF1}.Debug|Any CPU.ActiveCfg = Debug|Any CPU
		{3B6BD551-E949-4129-956A-8DDFC71C2EF1}.Debug|Any CPU.Build.0 = Debug|Any CPU
		{3B6BD551-E949-4129-956A-8DDFC71C2EF1}.Release|Any CPU.ActiveCfg = Release|Any CPU
		{3B6BD551-E949-4129-956A-8DDFC71C2EF1}.Release|Any CPU.Build.0 = Release|Any CPU
	EndGlobalSection
EndGlobal
